
Microsoft Visual Studio Solution File, Format Version 12.00
# Visual Studio Version 17
VisualStudioVersion = 17.0.31903.59
MinimumVisualStudioVersion = 10.0.40219.1
Project("{FAE04EC0-301F-11D3-BF4B-00C04F79EFBC}") = "TaskManagement.Api", "TaskManagement.Api\TaskManagement.Api.csproj", "{732AE3BB-793B-45D0-8E73-13CAF5047081}"
EndProject
Project("{FAE04EC0-301F-11D3-BF4B-00C04F79EFBC}") = "TaskManagement.Domain", "TaskManagement.Domain\TaskManagement.Domain.csproj", "{2D960E66-7C60-4F08-BAF2-836C4E36329A}"
EndProject
Project("{FAE04EC0-301F-11D3-BF4B-00C04F79EFBC}") = "TaskManagement.Application", "TaskManagement.Application\TaskManagement.Application.csproj", "{37F6351C-53BE-4200-BB95-E2CEADEF35FB}"
EndProject
Project("{FAE04EC0-301F-11D3-BF4B-00C04F79EFBC}") = "TaskManagement.Infrastructure", "TaskManagement.Infrastructure\TaskManagement.Infrastructure.csproj", "{9A24E9C9-983C-401A-9F99-9B9E3A4026FD}"
EndProject
Global
	GlobalSection(SolutionConfigurationPlatforms) = preSolution
		Debug|Any CPU = Debug|Any CPU
		Debug|x64 = Debug|x64
		Debug|x86 = Debug|x86
		Release|Any CPU = Release|Any CPU
		Release|x64 = Release|x64
		Release|x86 = Release|x86
	EndGlobalSection
	GlobalSection(ProjectConfigurationPlatforms) = postSolution
		{732AE3BB-793B-45D0-8E73-13CAF5047081}.Debug|Any CPU.ActiveCfg = Debug|Any CPU
		{732AE3BB-793B-45D0-8E73-13CAF5047081}.Debug|Any CPU.Build.0 = Debug|Any CPU
		{732AE3BB-793B-45D0-8E73-13CAF5047081}.Debug|x64.ActiveCfg = Debug|Any CPU
		{732AE3BB-793B-45D0-8E73-13CAF5047081}.Debug|x64.Build.0 = Debug|Any CPU
		{732AE3BB-793B-45D0-8E73-13CAF5047081}.Debug|x86.ActiveCfg = Debug|Any CPU
		{732AE3BB-793B-45D0-8E73-13CAF5047081}.Debug|x86.Build.0 = Debug|Any CPU
		{732AE3BB-793B-45D0-8E73-13CAF5047081}.Release|Any CPU.ActiveCfg = Release|Any CPU
		{732AE3BB-793B-45D0-8E73-13CAF5047081}.Release|Any CPU.Build.0 = Release|Any CPU
		{732AE3BB-793B-45D0-8E73-13CAF5047081}.Release|x64.ActiveCfg = Release|Any CPU
		{732AE3BB-793B-45D0-8E73-13CAF5047081}.Release|x64.Build.0 = Release|Any CPU
		{732AE3BB-793B-45D0-8E73-13CAF5047081}.Release|x86.ActiveCfg = Release|Any CPU
		{732AE3BB-793B-45D0-8E73-13CAF5047081}.Release|x86.Build.0 = Release|Any CPU
		{2D960E66-7C60-4F08-BAF2-836C4E36329A}.Debug|Any CPU.ActiveCfg = Debug|Any CPU
		{2D960E66-7C60-4F08-BAF2-836C4E36329A}.Debug|Any CPU.Build.0 = Debug|Any CPU
		{2D960E66-7C60-4F08-BAF2-836C4E36329A}.Debug|x64.ActiveCfg = Debug|Any CPU
		{2D960E66-7C60-4F08-BAF2-836C4E36329A}.Debug|x64.Build.0 = Debug|Any CPU
		{2D960E66-7C60-4F08-BAF2-836C4E36329A}.Debug|x86.ActiveCfg = Debug|Any CPU
		{2D960E66-7C60-4F08-BAF2-836C4E36329A}.Debug|x86.Build.0 = Debug|Any CPU
		{2D960E66-7C60-4F08-BAF2-836C4E36329A}.Release|Any CPU.ActiveCfg = Release|Any CPU
		{2D960E66-7C60-4F08-BAF2-836C4E36329A}.Release|Any CPU.Build.0 = Release|Any CPU
		{2D960E66-7C60-4F08-BAF2-836C4E36329A}.Release|x64.ActiveCfg = Release|Any CPU
		{2D960E66-7C60-4F08-BAF2-836C4E36329A}.Release|x64.Build.0 = Release|Any CPU
		{2D960E66-7C60-4F08-BAF2-836C4E36329A}.Release|x86.ActiveCfg = Release|Any CPU
		{2D960E66-7C60-4F08-BAF2-836C4E36329A}.Release|x86.Build.0 = Release|Any CPU
		{37F6351C-53BE-4200-BB95-E2CEADEF35FB}.Debug|Any CPU.ActiveCfg = Debug|Any CPU
		{37F6351C-53BE-4200-BB95-E2CEADEF35FB}.Debug|Any CPU.Build.0 = Debug|Any CPU
		{37F6351C-53BE-4200-BB95-E2CEADEF35FB}.Debug|x64.ActiveCfg = Debug|Any CPU
		{37F6351C-53BE-4200-BB95-E2CEADEF35FB}.Debug|x64.Build.0 = Debug|Any CPU
		{37F6351C-53BE-4200-BB95-E2CEADEF35FB}.Debug|x86.ActiveCfg = Debug|Any CPU
		{37F6351C-53BE-4200-BB95-E2CEADEF35FB}.Debug|x86.Build.0 = Debug|Any CPU
		{37F6351C-53BE-4200-BB95-E2CEADEF35FB}.Release|Any CPU.ActiveCfg = Release|Any CPU
		{37F6351C-53BE-4200-BB95-E2CEADEF35FB}.Release|Any CPU.Build.0 = Release|Any CPU
		{37F6351C-53BE-4200-BB95-E2CEADEF35FB}.Release|x64.ActiveCfg = Release|Any CPU
		{37F6351C-53BE-4200-BB95-E2CEADEF35FB}.Release|x64.Build.0 = Release|Any CPU
		{37F6351C-53BE-4200-BB95-E2CEADEF35FB}.Release|x86.ActiveCfg = Release|Any CPU
		{37F6351C-53BE-4200-BB95-E2CEADEF35FB}.Release|x86.Build.0 = Release|Any CPU
		{9A24E9C9-983C-401A-9F99-9B9E3A4026FD}.Debug|Any CPU.ActiveCfg = Debug|Any CPU
		{9A24E9C9-983C-401A-9F99-9B9E3A4026FD}.Debug|Any CPU.Build.0 = Debug|Any CPU
		{9A24E9C9-983C-401A-9F99-9B9E3A4026FD}.Debug|x64.ActiveCfg = Debug|Any CPU
		{9A24E9C9-983C-401A-9F99-9B9E3A4026FD}.Debug|x64.Build.0 = Debug|Any CPU
		{9A24E9C9-983C-401A-9F99-9B9E3A4026FD}.Debug|x86.ActiveCfg = Debug|Any CPU
		{9A24E9C9-983C-401A-9F99-9B9E3A4026FD}.Debug|x86.Build.0 = Debug|Any CPU
		{9A24E9C9-983C-401A-9F99-9B9E3A4026FD}.Release|Any CPU.ActiveCfg = Release|Any CPU
		{9A24E9C9-983C-401A-9F99-9B9E3A4026FD}.Release|Any CPU.Build.0 = Release|Any CPU
		{9A24E9C9-983C-401A-9F99-9B9E3A4026FD}.Release|x64.ActiveCfg = Release|Any CPU
		{9A24E9C9-983C-401A-9F99-9B9E3A4026FD}.Release|x64.Build.0 = Release|Any CPU
		{9A24E9C9-983C-401A-9F99-9B9E3A4026FD}.Release|x86.ActiveCfg = Release|Any CPU
		{9A24E9C9-983C-401A-9F99-9B9E3A4026FD}.Release|x86.Build.0 = Release|Any CPU
	EndGlobalSection
	GlobalSection(SolutionProperties) = preSolution
		HideSolutionNode = FALSE
	EndGlobalSection
EndGlobal
