
Microsoft Visual Studio Solution File, Format Version 12.00
# Visual Studio Version 17
VisualStudioVersion = 17.0.31903.59
MinimumVisualStudioVersion = 10.0.40219.1
Project("{FAE04EC0-301F-11D3-BF4B-00C04F79EFBC}") = "TaskManagement.Domain", "TaskManagement.Domain\TaskManagement.Domain.csproj", "{ECCECEB9-BDD7-4F32-A72C-570158786AB1}"
EndProject
Project("{FAE04EC0-301F-11D3-BF4B-00C04F79EFBC}") = "TaskManagement.Application", "TaskManagement.Application\TaskManagement.Application.csproj", "{F35BACFF-A2A8-4DB3-8E32-FA705C9DB0D9}"
EndProject
Project("{FAE04EC0-301F-11D3-BF4B-00C04F79EFBC}") = "TaskManagement.Infrastructure", "TaskManagement.Infrastructure\TaskManagement.Infrastructure.csproj", "{AB1CC624-4E09-41C7-8239-532F813B7C11}"
EndProject
Project("{FAE04EC0-301F-11D3-BF4B-00C04F79EFBC}") = "TaskManagement.Api", "TaskManagement.Api\TaskManagement.Api.csproj", "{EA90EADD-88B1-4ECC-BA2A-FF8CED116496}"
EndProject
Global
	GlobalSection(SolutionConfigurationPlatforms) = preSolution
		Debug|Any CPU = Debug|Any CPU
		Debug|x64 = Debug|x64
		Debug|x86 = Debug|x86
		Release|Any CPU = Release|Any CPU
		Release|x64 = Release|x64
		Release|x86 = Release|x86
	EndGlobalSection
	GlobalSection(ProjectConfigurationPlatforms) = postSolution
		{ECCECEB9-BDD7-4F32-A72C-570158786AB1}.Debug|Any CPU.ActiveCfg = Debug|Any CPU
		{ECCECEB9-BDD7-4F32-A72C-570158786AB1}.Debug|Any CPU.Build.0 = Debug|Any CPU
		{ECCECEB9-BDD7-4F32-A72C-570158786AB1}.Debug|x64.ActiveCfg = Debug|Any CPU
		{ECCECEB9-BDD7-4F32-A72C-570158786AB1}.Debug|x64.Build.0 = Debug|Any CPU
		{ECCECEB9-BDD7-4F32-A72C-570158786AB1}.Debug|x86.ActiveCfg = Debug|Any CPU
		{ECCECEB9-BDD7-4F32-A72C-570158786AB1}.Debug|x86.Build.0 = Debug|Any CPU
		{ECCECEB9-BDD7-4F32-A72C-570158786AB1}.Release|Any CPU.ActiveCfg = Release|Any CPU
		{ECCECEB9-BDD7-4F32-A72C-570158786AB1}.Release|Any CPU.Build.0 = Release|Any CPU
		{ECCECEB9-BDD7-4F32-A72C-570158786AB1}.Release|x64.ActiveCfg = Release|Any CPU
		{ECCECEB9-BDD7-4F32-A72C-570158786AB1}.Release|x64.Build.0 = Release|Any CPU
		{ECCECEB9-BDD7-4F32-A72C-570158786AB1}.Release|x86.ActiveCfg = Release|Any CPU
		{ECCECEB9-BDD7-4F32-A72C-570158786AB1}.Release|x86.Build.0 = Release|Any CPU
		{F35BACFF-A2A8-4DB3-8E32-FA705C9DB0D9}.Debug|Any CPU.ActiveCfg = Debug|Any CPU
		{F35BACFF-A2A8-4DB3-8E32-FA705C9DB0D9}.Debug|Any CPU.Build.0 = Debug|Any CPU
		{F35BACFF-A2A8-4DB3-8E32-FA705C9DB0D9}.Debug|x64.ActiveCfg = Debug|Any CPU
		{F35BACFF-A2A8-4DB3-8E32-FA705C9DB0D9}.Debug|x64.Build.0 = Debug|Any CPU
		{F35BACFF-A2A8-4DB3-8E32-FA705C9DB0D9}.Debug|x86.ActiveCfg = Debug|Any CPU
		{F35BACFF-A2A8-4DB3-8E32-FA705C9DB0D9}.Debug|x86.Build.0 = Debug|Any CPU
		{F35BACFF-A2A8-4DB3-8E32-FA705C9DB0D9}.Release|Any CPU.ActiveCfg = Release|Any CPU
		{F35BACFF-A2A8-4DB3-8E32-FA705C9DB0D9}.Release|Any CPU.Build.0 = Release|Any CPU
		{F35BACFF-A2A8-4DB3-8E32-FA705C9DB0D9}.Release|x64.ActiveCfg = Release|Any CPU
		{F35BACFF-A2A8-4DB3-8E32-FA705C9DB0D9}.Release|x64.Build.0 = Release|Any CPU
		{F35BACFF-A2A8-4DB3-8E32-FA705C9DB0D9}.Release|x86.ActiveCfg = Release|Any CPU
		{F35BACFF-A2A8-4DB3-8E32-FA705C9DB0D9}.Release|x86.Build.0 = Release|Any CPU
		{AB1CC624-4E09-41C7-8239-532F813B7C11}.Debug|Any CPU.ActiveCfg = Debug|Any CPU
		{AB1CC624-4E09-41C7-8239-532F813B7C11}.Debug|Any CPU.Build.0 = Debug|Any CPU
		{AB1CC624-4E09-41C7-8239-532F813B7C11}.Debug|x64.ActiveCfg = Debug|Any CPU
		{AB1CC624-4E09-41C7-8239-532F813B7C11}.Debug|x64.Build.0 = Debug|Any CPU
		{AB1CC624-4E09-41C7-8239-532F813B7C11}.Debug|x86.ActiveCfg = Debug|Any CPU
		{AB1CC624-4E09-41C7-8239-532F813B7C11}.Debug|x86.Build.0 = Debug|Any CPU
		{AB1CC624-4E09-41C7-8239-532F813B7C11}.Release|Any CPU.ActiveCfg = Release|Any CPU
		{AB1CC624-4E09-41C7-8239-532F813B7C11}.Release|Any CPU.Build.0 = Release|Any CPU
		{AB1CC624-4E09-41C7-8239-532F813B7C11}.Release|x64.ActiveCfg = Release|Any CPU
		{AB1CC624-4E09-41C7-8239-532F813B7C11}.Release|x64.Build.0 = Release|Any CPU
		{AB1CC624-4E09-41C7-8239-532F813B7C11}.Release|x86.ActiveCfg = Release|Any CPU
		{AB1CC624-4E09-41C7-8239-532F813B7C11}.Release|x86.Build.0 = Release|Any CPU
		{EA90EADD-88B1-4ECC-BA2A-FF8CED116496}.Debug|Any CPU.ActiveCfg = Debug|Any CPU
		{EA90EADD-88B1-4ECC-BA2A-FF8CED116496}.Debug|Any CPU.Build.0 = Debug|Any CPU
		{EA90EADD-88B1-4ECC-BA2A-FF8CED116496}.Debug|x64.ActiveCfg = Debug|Any CPU
		{EA90EADD-88B1-4ECC-BA2A-FF8CED116496}.Debug|x64.Build.0 = Debug|Any CPU
		{EA90EADD-88B1-4ECC-BA2A-FF8CED116496}.Debug|x86.ActiveCfg = Debug|Any CPU
		{EA90EADD-88B1-4ECC-BA2A-FF8CED116496}.Debug|x86.Build.0 = Debug|Any CPU
		{EA90EADD-88B1-4ECC-BA2A-FF8CED116496}.Release|Any CPU.ActiveCfg = Release|Any CPU
		{EA90EADD-88B1-4ECC-BA2A-FF8CED116496}.Release|Any CPU.Build.0 = Release|Any CPU
		{EA90EADD-88B1-4ECC-BA2A-FF8CED116496}.Release|x64.ActiveCfg = Release|Any CPU
		{EA90EADD-88B1-4ECC-BA2A-FF8CED116496}.Release|x64.Build.0 = Release|Any CPU
		{EA90EADD-88B1-4ECC-BA2A-FF8CED116496}.Release|x86.ActiveCfg = Release|Any CPU
		{EA90EADD-88B1-4ECC-BA2A-FF8CED116496}.Release|x86.Build.0 = Release|Any CPU
	EndGlobalSection
	GlobalSection(SolutionProperties) = preSolution
		HideSolutionNode = FALSE
	EndGlobalSection
EndGlobal
