Microsoft Visual Studio Solution File, Format Version 12.00
# Visual Studio Version 17
VisualStudioVersion = 17.5.2.0
MinimumVisualStudioVersion = 10.0.40219.1
Project("{FAE04EC0-301F-11D3-BF4B-00C04F79EFBC}") = "DominoGame", "DominoGame.csproj", "{FE865E7A-B397-4A08-0C7E-9246FFCFE975}"
EndProject
Global
	GlobalSection(SolutionConfigurationPlatforms) = preSolution
		Debug|Any CPU = Debug|Any CPU
		Release|Any CPU = Release|Any CPU
	EndGlobalSection
	GlobalSection(ProjectConfigurationPlatforms) = postSolution
		{FE865E7A-B397-4A08-0C7E-9246FFCFE975}.Debug|Any CPU.ActiveCfg = Debug|Any CPU
		{FE865E7A-B397-4A08-0C7E-9246FFCFE975}.Debug|Any CPU.Build.0 = Debug|Any CPU
		{FE865E7A-B397-4A08-0C7E-9246FFCFE975}.Release|Any CPU.ActiveCfg = Release|Any CPU
		{FE865E7A-B397-4A08-0C7E-9246FFCFE975}.Release|Any CPU.Build.0 = Release|Any CPU
	EndGlobalSection
	GlobalSection(SolutionProperties) = preSolution
		HideSolutionNode = FALSE
	EndGlobalSection
	GlobalSection(ExtensibilityGlobals) = postSolution
		SolutionGuid = {9E3B0C5C-B594-4C6B-AC8F-812A78CBEFFD}
	EndGlobalSection
EndGlobal
