
Microsoft Visual Studio Solution File, Format Version 12.00
# Visual Studio Version 17
VisualStudioVersion = 17.0.31903.59
MinimumVisualStudioVersion = 10.0.40219.1
Project("{FAE04EC0-301F-11D3-BF4B-00C04F79EFBC}") = "Ludo.Game", "Ludo.Game\Ludo.Game.csproj", "{E26947D4-B444-4AE0-B73C-F401CD507243}"
EndProject
Project("{FAE04EC0-301F-11D3-BF4B-00C04F79EFBC}") = "Ludo.Blazor", "Ludo.Blazor\Ludo.Blazor.csproj", "{D4FD124C-5CB3-476A-9524-210E2D42F6C7}"
EndProject
Global
	GlobalSection(SolutionConfigurationPlatforms) = preSolution
		Debug|Any CPU = Debug|Any CPU
		Debug|x64 = Debug|x64
		Debug|x86 = Debug|x86
		Release|Any CPU = Release|Any CPU
		Release|x64 = Release|x64
		Release|x86 = Release|x86
	EndGlobalSection
	GlobalSection(ProjectConfigurationPlatforms) = postSolution
		{E26947D4-B444-4AE0-B73C-F401CD507243}.Debug|Any CPU.ActiveCfg = Debug|Any CPU
		{E26947D4-B444-4AE0-B73C-F401CD507243}.Debug|Any CPU.Build.0 = Debug|Any CPU
		{E26947D4-B444-4AE0-B73C-F401CD507243}.Debug|x64.ActiveCfg = Debug|Any CPU
		{E26947D4-B444-4AE0-B73C-F401CD507243}.Debug|x64.Build.0 = Debug|Any CPU
		{E26947D4-B444-4AE0-B73C-F401CD507243}.Debug|x86.ActiveCfg = Debug|Any CPU
		{E26947D4-B444-4AE0-B73C-F401CD507243}.Debug|x86.Build.0 = Debug|Any CPU
		{E26947D4-B444-4AE0-B73C-F401CD507243}.Release|Any CPU.ActiveCfg = Release|Any CPU
		{E26947D4-B444-4AE0-B73C-F401CD507243}.Release|Any CPU.Build.0 = Release|Any CPU
		{E26947D4-B444-4AE0-B73C-F401CD507243}.Release|x64.ActiveCfg = Release|Any CPU
		{E26947D4-B444-4AE0-B73C-F401CD507243}.Release|x64.Build.0 = Release|Any CPU
		{E26947D4-B444-4AE0-B73C-F401CD507243}.Release|x86.ActiveCfg = Release|Any CPU
		{E26947D4-B444-4AE0-B73C-F401CD507243}.Release|x86.Build.0 = Release|Any CPU
		{D4FD124C-5CB3-476A-9524-210E2D42F6C7}.Debug|Any CPU.ActiveCfg = Debug|Any CPU
		{D4FD124C-5CB3-476A-9524-210E2D42F6C7}.Debug|Any CPU.Build.0 = Debug|Any CPU
		{D4FD124C-5CB3-476A-9524-210E2D42F6C7}.Debug|x64.ActiveCfg = Debug|Any CPU
		{D4FD124C-5CB3-476A-9524-210E2D42F6C7}.Debug|x64.Build.0 = Debug|Any CPU
		{D4FD124C-5CB3-476A-9524-210E2D42F6C7}.Debug|x86.ActiveCfg = Debug|Any CPU
		{D4FD124C-5CB3-476A-9524-210E2D42F6C7}.Debug|x86.Build.0 = Debug|Any CPU
		{D4FD124C-5CB3-476A-9524-210E2D42F6C7}.Release|Any CPU.ActiveCfg = Release|Any CPU
		{D4FD124C-5CB3-476A-9524-210E2D42F6C7}.Release|Any CPU.Build.0 = Release|Any CPU
		{D4FD124C-5CB3-476A-9524-210E2D42F6C7}.Release|x64.ActiveCfg = Release|Any CPU
		{D4FD124C-5CB3-476A-9524-210E2D42F6C7}.Release|x64.Build.0 = Release|Any CPU
		{D4FD124C-5CB3-476A-9524-210E2D42F6C7}.Release|x86.ActiveCfg = Release|Any CPU
		{D4FD124C-5CB3-476A-9524-210E2D42F6C7}.Release|x86.Build.0 = Release|Any CPU
	EndGlobalSection
	GlobalSection(SolutionProperties) = preSolution
		HideSolutionNode = FALSE
	EndGlobalSection
EndGlobal
