
Microsoft Visual Studio Solution File, Format Version 12.00
# Visual Studio Version 17
VisualStudioVersion = 17.0.31903.59
MinimumVisualStudioVersion = 10.0.40219.1
Project("{FAE04EC0-301F-11D3-BF4B-00C04F79EFBC}") = "LogicExercise", "LogicExercise\LogicExercise.csproj", "{9534CDC5-15C8-4D5D-993E-56F59E17BC09}"
EndProject
Project("{FAE04EC0-301F-11D3-BF4B-00C04F79EFBC}") = "Utils", "..\Utils\Utils\Utils.csproj", "{5E3FB604-AB9F-4030-811E-A85763EF3AFA}"
EndProject
Global
	GlobalSection(SolutionConfigurationPlatforms) = preSolution
		Debug|Any CPU = Debug|Any CPU
		Debug|x64 = Debug|x64
		Debug|x86 = Debug|x86
		Release|Any CPU = Release|Any CPU
		Release|x64 = Release|x64
		Release|x86 = Release|x86
	EndGlobalSection
	GlobalSection(ProjectConfigurationPlatforms) = postSolution
		{9534CDC5-15C8-4D5D-993E-56F59E17BC09}.Debug|Any CPU.ActiveCfg = Debug|Any CPU
		{9534CDC5-15C8-4D5D-993E-56F59E17BC09}.Debug|Any CPU.Build.0 = Debug|Any CPU
		{9534CDC5-15C8-4D5D-993E-56F59E17BC09}.Debug|x64.ActiveCfg = Debug|Any CPU
		{9534CDC5-15C8-4D5D-993E-56F59E17BC09}.Debug|x64.Build.0 = Debug|Any CPU
		{9534CDC5-15C8-4D5D-993E-56F59E17BC09}.Debug|x86.ActiveCfg = Debug|Any CPU
		{9534CDC5-15C8-4D5D-993E-56F59E17BC09}.Debug|x86.Build.0 = Debug|Any CPU
		{9534CDC5-15C8-4D5D-993E-56F59E17BC09}.Release|Any CPU.ActiveCfg = Release|Any CPU
		{9534CDC5-15C8-4D5D-993E-56F59E17BC09}.Release|Any CPU.Build.0 = Release|Any CPU
		{9534CDC5-15C8-4D5D-993E-56F59E17BC09}.Release|x64.ActiveCfg = Release|Any CPU
		{9534CDC5-15C8-4D5D-993E-56F59E17BC09}.Release|x64.Build.0 = Release|Any CPU
		{9534CDC5-15C8-4D5D-993E-56F59E17BC09}.Release|x86.ActiveCfg = Release|Any CPU
		{9534CDC5-15C8-4D5D-993E-56F59E17BC09}.Release|x86.Build.0 = Release|Any CPU
		{5E3FB604-AB9F-4030-811E-A85763EF3AFA}.Debug|Any CPU.ActiveCfg = Debug|Any CPU
		{5E3FB604-AB9F-4030-811E-A85763EF3AFA}.Debug|Any CPU.Build.0 = Debug|Any CPU
		{5E3FB604-AB9F-4030-811E-A85763EF3AFA}.Debug|x64.ActiveCfg = Debug|Any CPU
		{5E3FB604-AB9F-4030-811E-A85763EF3AFA}.Debug|x64.Build.0 = Debug|Any CPU
		{5E3FB604-AB9F-4030-811E-A85763EF3AFA}.Debug|x86.ActiveCfg = Debug|Any CPU
		{5E3FB604-AB9F-4030-811E-A85763EF3AFA}.Debug|x86.Build.0 = Debug|Any CPU
		{5E3FB604-AB9F-4030-811E-A85763EF3AFA}.Release|Any CPU.ActiveCfg = Release|Any CPU
		{5E3FB604-AB9F-4030-811E-A85763EF3AFA}.Release|Any CPU.Build.0 = Release|Any CPU
		{5E3FB604-AB9F-4030-811E-A85763EF3AFA}.Release|x64.ActiveCfg = Release|Any CPU
		{5E3FB604-AB9F-4030-811E-A85763EF3AFA}.Release|x64.Build.0 = Release|Any CPU
		{5E3FB604-AB9F-4030-811E-A85763EF3AFA}.Release|x86.ActiveCfg = Release|Any CPU
		{5E3FB604-AB9F-4030-811E-A85763EF3AFA}.Release|x86.Build.0 = Release|Any CPU
	EndGlobalSection
	GlobalSection(SolutionProperties) = preSolution
		HideSolutionNode = FALSE
	EndGlobalSection
EndGlobal
