Microsoft Visual Studio Solution File, Format Version 12.00
# Visual Studio Version 17
VisualStudioVersion = 17.5.2.0
MinimumVisualStudioVersion = 10.0.40219.1
Project("{FAE04EC0-301F-11D3-BF4B-00C04F79EFBC}") = "Ludo.Blazor", "Ludo.Blazor.csproj", "{D992A45C-E744-FE6E-0A3D-C7EB4573CCCF}"
EndProject
Global
	GlobalSection(SolutionConfigurationPlatforms) = preSolution
		Debug|Any CPU = Debug|Any CPU
		Release|Any CPU = Release|Any CPU
	EndGlobalSection
	GlobalSection(ProjectConfigurationPlatforms) = postSolution
		{D992A45C-E744-FE6E-0A3D-C7EB4573CCCF}.Debug|Any CPU.ActiveCfg = Debug|Any CPU
		{D992A45C-E744-FE6E-0A3D-C7EB4573CCCF}.Debug|Any CPU.Build.0 = Debug|Any CPU
		{D992A45C-E744-FE6E-0A3D-C7EB4573CCCF}.Release|Any CPU.ActiveCfg = Release|Any CPU
		{D992A45C-E744-FE6E-0A3D-C7EB4573CCCF}.Release|Any CPU.Build.0 = Release|Any CPU
	EndGlobalSection
	GlobalSection(SolutionProperties) = preSolution
		HideSolutionNode = FALSE
	EndGlobalSection
	GlobalSection(ExtensibilityGlobals) = postSolution
		SolutionGuid = {F0788025-3E1A-4FFC-83B1-B54BDBCC5EEA}
	EndGlobalSection
EndGlobal
