Microsoft Visual Studio Solution File, Format Version 12.00
# Visual Studio Version 17
VisualStudioVersion = 17.5.2.0
MinimumVisualStudioVersion = 10.0.40219.1
Project("{FAE04EC0-301F-11D3-BF4B-00C04F79EFBC}") = "practice_ef", "practice_ef.csproj", "{059176AB-8FE2-A306-6161-C32E437EF9E1}"
EndProject
Global
	GlobalSection(SolutionConfigurationPlatforms) = preSolution
		Debug|Any CPU = Debug|Any CPU
		Release|Any CPU = Release|Any CPU
	EndGlobalSection
	GlobalSection(ProjectConfigurationPlatforms) = postSolution
		{059176AB-8FE2-A306-6161-C32E437EF9E1}.Debug|Any CPU.ActiveCfg = Debug|Any CPU
		{059176AB-8FE2-A306-6161-C32E437EF9E1}.Debug|Any CPU.Build.0 = Debug|Any CPU
		{059176AB-8FE2-A306-6161-C32E437EF9E1}.Release|Any CPU.ActiveCfg = Release|Any CPU
		{059176AB-8FE2-A306-6161-C32E437EF9E1}.Release|Any CPU.Build.0 = Release|Any CPU
	EndGlobalSection
	GlobalSection(SolutionProperties) = preSolution
		HideSolutionNode = FALSE
	EndGlobalSection
	GlobalSection(ExtensibilityGlobals) = postSolution
		SolutionGuid = {28C16F77-384F-4E17-98F6-D40B52A9060E}
	EndGlobalSection
EndGlobal
